
Microsoft Visual Studio Solution File, Format Version 12.00
# Visual Studio Version 16
VisualStudioVersion = 16.0.30621.155
MinimumVisualStudioVersion = 10.0.40219.1
Project("{9A19103F-16F7-4668-BE54-9A1E7A4F7556}") = "VinayKodanam", "WebApplication1\VinayKodanam.csproj", "{BD427BA5-39DD-423A-8572-8EEC1E5D1E7B}"
EndProject
Global
	GlobalSection(SolutionConfigurationPlatforms) = preSolution
		Debug|Any CPU = Debug|Any CPU
		Release|Any CPU = Release|Any CPU
	EndGlobalSection
	GlobalSection(ProjectConfigurationPlatforms) = postSolution
		{BD427BA5-39DD-423A-8572-8EEC1E5D1E7B}.Debug|Any CPU.ActiveCfg = Debug|Any CPU
		{BD427BA5-39DD-423A-8572-8EEC1E5D1E7B}.Debug|Any CPU.Build.0 = Debug|Any CPU
		{BD427BA5-39DD-423A-8572-8EEC1E5D1E7B}.Release|Any CPU.ActiveCfg = Release|Any CPU
		{BD427BA5-39DD-423A-8572-8EEC1E5D1E7B}.Release|Any CPU.Build.0 = Release|Any CPU
	EndGlobalSection
	GlobalSection(SolutionProperties) = preSolution
		HideSolutionNode = FALSE
	EndGlobalSection
	GlobalSection(ExtensibilityGlobals) = postSolution
		SolutionGuid = {42C9FCE1-4E5D-482E-902E-622DDCB755E7}
	EndGlobalSection
EndGlobal
